
Microsoft Visual Studio Solution File, Format Version 12.00
# Visual Studio Version 16
VisualStudioVersion = 16.0.33529.622
MinimumVisualStudioVersion = 10.0.40219.1
Project("{FAE04EC0-301F-11D3-BF4B-00C04F79EFBC}") = "AKTARIMPROGRAMI", "AKTARIMPROGRAMI\AKTARIMPROGRAMI.csproj", "{D5063246-1C8A-40CF-8090-3FB94EB2E5FF}"
EndProject
Global
	GlobalSection(SolutionConfigurationPlatforms) = preSolution
		Debug|Any CPU = Debug|Any CPU
		Release|Any CPU = Release|Any CPU
	EndGlobalSection
	GlobalSection(ProjectConfigurationPlatforms) = postSolution
		{D5063246-1C8A-40CF-8090-3FB94EB2E5FF}.Debug|Any CPU.ActiveCfg = Debug|Any CPU
		{D5063246-1C8A-40CF-8090-3FB94EB2E5FF}.Debug|Any CPU.Build.0 = Debug|Any CPU
		{D5063246-1C8A-40CF-8090-3FB94EB2E5FF}.Release|Any CPU.ActiveCfg = Release|Any CPU
		{D5063246-1C8A-40CF-8090-3FB94EB2E5FF}.Release|Any CPU.Build.0 = Release|Any CPU
	EndGlobalSection
	GlobalSection(SolutionProperties) = preSolution
		HideSolutionNode = FALSE
	EndGlobalSection
	GlobalSection(ExtensibilityGlobals) = postSolution
		SolutionGuid = {6DECD473-35E8-40F7-80DD-8BE4E86BB7D2}
	EndGlobalSection
EndGlobal
